// !$*UTF8*$!
{
	archiveVersion = 1;
	classes = {
	};
	objectVersion = 46;
	objects = {

/* Begin PBXBuildFile section */
		819560CB1F56C0BD005B59C3 /* Screen Shot 2017-08-30 at 11.43.25 AM.png in Resources */ = {isa = PBXBuildFile; fileRef = 819560C31F56C0BD005B59C3 /* Screen Shot 2017-08-30 at 11.43.25 AM.png */; };
		819702D51F5318B1005927D9 /* AppDelegate.swift in Sources */ = {isa = PBXBuildFile; fileRef = 819702D41F5318B1005927D9 /* AppDelegate.swift */; };
		819702D71F5318B1005927D9 /* ViewController.swift in Sources */ = {isa = PBXBuildFile; fileRef = 819702D61F5318B1005927D9 /* ViewController.swift */; };
		819702DA1F5318B1005927D9 /* Main.storyboard in Resources */ = {isa = PBXBuildFile; fileRef = 819702D81F5318B1005927D9 /* Main.storyboard */; };
		819702DC1F5318B1005927D9 /* Assets.xcassets in Resources */ = {isa = PBXBuildFile; fileRef = 819702DB1F5318B1005927D9 /* Assets.xcassets */; };
		819702DF1F5318B1005927D9 /* LaunchScreen.storyboard in Resources */ = {isa = PBXBuildFile; fileRef = 819702DD1F5318B1005927D9 /* LaunchScreen.storyboard */; };
		819702E81F5318EE005927D9 /* TopTabBar.xib in Resources */ = {isa = PBXBuildFile; fileRef = 819702E71F5318EE005927D9 /* TopTabBar.xib */; };
		819702EA1F531901005927D9 /* TopTabBar.swift in Sources */ = {isa = PBXBuildFile; fileRef = 819702E91F531901005927D9 /* TopTabBar.swift */; };
		81BB8C321F559FC1001F53B3 /* Location.png in Resources */ = {isa = PBXBuildFile; fileRef = 81BB8C311F559FC1001F53B3 /* Location.png */; };
		81BB8C351F55A5BA001F53B3 /* house-h.png in Resources */ = {isa = PBXBuildFile; fileRef = 81BB8C331F55A5BA001F53B3 /* house-h.png */; };
		81BB8C361F55A5BA001F53B3 /* house.png in Resources */ = {isa = PBXBuildFile; fileRef = 81BB8C341F55A5BA001F53B3 /* house.png */; };
		DF1E0E782371D078008A2FF7 /* ScreenShot2.png in Resources */ = {isa = PBXBuildFile; fileRef = DF1E0E762371D077008A2FF7 /* ScreenShot2.png */; };
		DF1E0E792371D078008A2FF7 /* ScreenShot1.png in Resources */ = {isa = PBXBuildFile; fileRef = DF1E0E772371D077008A2FF7 /* ScreenShot1.png */; };
		DF2875A52378140500BB7553 /* tabBarMovie.mov in Resources */ = {isa = PBXBuildFile; fileRef = DF2875A42378140500BB7553 /* tabBarMovie.mov */; };
		DF2875A72378144800BB7553 /* Screen Shot3.png in Resources */ = {isa = PBXBuildFile; fileRef = DF2875A62378144700BB7553 /* Screen Shot3.png */; };
		DF2875A92378151D00BB7553 /* IMG_3325.jpg in Resources */ = {isa = PBXBuildFile; fileRef = DF2875A82378151D00BB7553 /* IMG_3325.jpg */; };
		DF649FE62376D386008EF633 /* TopTabBar-Chtar.podspec in Resources */ = {isa = PBXBuildFile; fileRef = DF649FE52376D386008EF633 /* TopTabBar-Chtar.podspec */; };
		DFFAEB862338C6AC00D0EA08 /* TopTabBarDelegate.swift in Sources */ = {isa = PBXBuildFile; fileRef = DFFAEB852338C6AC00D0EA08 /* TopTabBarDelegate.swift */; };
/* End PBXBuildFile section */

/* Begin PBXFileReference section */
		819560C31F56C0BD005B59C3 /* Screen Shot 2017-08-30 at 11.43.25 AM.png */ = {isa = PBXFileReference; lastKnownFileType = image.png; path = "Screen Shot 2017-08-30 at 11.43.25 AM.png"; sourceTree = "<group>"; };
		819702D11F5318B1005927D9 /* topTabBar.app */ = {isa = PBXFileReference; explicitFileType = wrapper.application; includeInIndex = 0; path = topTabBar.app; sourceTree = BUILT_PRODUCTS_DIR; };
		819702D41F5318B1005927D9 /* AppDelegate.swift */ = {isa = PBXFileReference; lastKnownFileType = sourcecode.swift; path = AppDelegate.swift; sourceTree = "<group>"; };
		819702D61F5318B1005927D9 /* ViewController.swift */ = {isa = PBXFileReference; lastKnownFileType = sourcecode.swift; path = ViewController.swift; sourceTree = "<group>"; };
		819702D91F5318B1005927D9 /* Base */ = {isa = PBXFileReference; lastKnownFileType = file.storyboard; name = Base; path = Base.lproj/Main.storyboard; sourceTree = "<group>"; };
		819702DB1F5318B1005927D9 /* Assets.xcassets */ = {isa = PBXFileReference; lastKnownFileType = folder.assetcatalog; path = Assets.xcassets; sourceTree = "<group>"; };
		819702DE1F5318B1005927D9 /* Base */ = {isa = PBXFileReference; lastKnownFileType = file.storyboard; name = Base; path = Base.lproj/LaunchScreen.storyboard; sourceTree = "<group>"; };
		819702E01F5318B1005927D9 /* Info.plist */ = {isa = PBXFileReference; lastKnownFileType = text.plist.xml; path = Info.plist; sourceTree = "<group>"; };
		819702E71F5318EE005927D9 /* TopTabBar.xib */ = {isa = PBXFileReference; fileEncoding = 4; lastKnownFileType = file.xib; path = TopTabBar.xib; sourceTree = "<group>"; };
		819702E91F531901005927D9 /* TopTabBar.swift */ = {isa = PBXFileReference; fileEncoding = 4; lastKnownFileType = sourcecode.swift; path = TopTabBar.swift; sourceTree = "<group>"; };
		81BB8C311F559FC1001F53B3 /* Location.png */ = {isa = PBXFileReference; lastKnownFileType = image.png; path = Location.png; sourceTree = "<group>"; };
		81BB8C331F55A5BA001F53B3 /* house-h.png */ = {isa = PBXFileReference; lastKnownFileType = image.png; path = "house-h.png"; sourceTree = "<group>"; };
		81BB8C341F55A5BA001F53B3 /* house.png */ = {isa = PBXFileReference; lastKnownFileType = image.png; path = house.png; sourceTree = "<group>"; };
		DF1E0E762371D077008A2FF7 /* ScreenShot2.png */ = {isa = PBXFileReference; lastKnownFileType = image.png; path = ScreenShot2.png; sourceTree = "<group>"; };
		DF1E0E772371D077008A2FF7 /* ScreenShot1.png */ = {isa = PBXFileReference; lastKnownFileType = image.png; path = ScreenShot1.png; sourceTree = "<group>"; };
		DF2875A42378140500BB7553 /* tabBarMovie.mov */ = {isa = PBXFileReference; lastKnownFileType = video.quicktime; path = tabBarMovie.mov; sourceTree = "<group>"; };
		DF2875A62378144700BB7553 /* Screen Shot3.png */ = {isa = PBXFileReference; lastKnownFileType = image.png; path = "Screen Shot3.png"; sourceTree = "<group>"; };
		DF2875A82378151D00BB7553 /* IMG_3325.jpg */ = {isa = PBXFileReference; lastKnownFileType = image.jpeg; path = IMG_3325.jpg; sourceTree = "<group>"; };
		DF649FE52376D386008EF633 /* TopTabBar-Chtar.podspec */ = {isa = PBXFileReference; fileEncoding = 4; lastKnownFileType = text; path = "TopTabBar-Chtar.podspec"; sourceTree = "<group>"; };
		DFFAEB852338C6AC00D0EA08 /* TopTabBarDelegate.swift */ = {isa = PBXFileReference; lastKnownFileType = sourcecode.swift; path = TopTabBarDelegate.swift; sourceTree = "<group>"; };
/* End PBXFileReference section */

/* Begin PBXFrameworksBuildPhase section */
		819702CE1F5318B1005927D9 /* Frameworks */ = {
			isa = PBXFrameworksBuildPhase;
			buildActionMask = 2147483647;
			files = (
			);
			runOnlyForDeploymentPostprocessing = 0;
		};
/* End PBXFrameworksBuildPhase section */

/* Begin PBXGroup section */
		819560BC1F56C0A1005B59C3 /* screen shot */ = {
			isa = PBXGroup;
			children = (
				DF2875A42378140500BB7553 /* tabBarMovie.mov */,
				DF2875A82378151D00BB7553 /* IMG_3325.jpg */,
				DF1E0E772371D077008A2FF7 /* ScreenShot1.png */,
				DF2875A62378144700BB7553 /* Screen Shot3.png */,
				DF1E0E762371D077008A2FF7 /* ScreenShot2.png */,
				81BB8C331F55A5BA001F53B3 /* house-h.png */,
				81BB8C341F55A5BA001F53B3 /* house.png */,
				81BB8C311F559FC1001F53B3 /* Location.png */,
				819560C31F56C0BD005B59C3 /* Screen Shot 2017-08-30 at 11.43.25 AM.png */,
			);
			name = "screen shot";
			sourceTree = "<group>";
		};
		819702C81F5318B1005927D9 = {
			isa = PBXGroup;
			children = (
				DF649FE52376D386008EF633 /* TopTabBar-Chtar.podspec */,
				819560BC1F56C0A1005B59C3 /* screen shot */,
				819702E61F5318BC005927D9 /* TopBar */,
				819702D31F5318B1005927D9 /* topTabBar */,
				819702D21F5318B1005927D9 /* Products */,
			);
			sourceTree = "<group>";
		};
		819702D21F5318B1005927D9 /* Products */ = {
			isa = PBXGroup;
			children = (
				819702D11F5318B1005927D9 /* topTabBar.app */,
			);
			name = Products;
			sourceTree = "<group>";
		};
		819702D31F5318B1005927D9 /* topTabBar */ = {
			isa = PBXGroup;
			children = (
				819702D41F5318B1005927D9 /* AppDelegate.swift */,
				819702D61F5318B1005927D9 /* ViewController.swift */,
				819702D81F5318B1005927D9 /* Main.storyboard */,
				819702DB1F5318B1005927D9 /* Assets.xcassets */,
				819702DD1F5318B1005927D9 /* LaunchScreen.storyboard */,
				819702E01F5318B1005927D9 /* Info.plist */,
			);
			path = topTabBar;
			sourceTree = "<group>";
		};
		819702E61F5318BC005927D9 /* TopBar */ = {
			isa = PBXGroup;
			children = (
				819702E71F5318EE005927D9 /* TopTabBar.xib */,
				819702E91F531901005927D9 /* TopTabBar.swift */,
				DFFAEB852338C6AC00D0EA08 /* TopTabBarDelegate.swift */,
			);
			name = TopBar;
			sourceTree = "<group>";
		};
/* End PBXGroup section */

/* Begin PBXNativeTarget section */
		819702D01F5318B1005927D9 /* topTabBar */ = {
			isa = PBXNativeTarget;
			buildConfigurationList = 819702E31F5318B1005927D9 /* Build configuration list for PBXNativeTarget "topTabBar" */;
			buildPhases = (
				819702CD1F5318B1005927D9 /* Sources */,
				819702CE1F5318B1005927D9 /* Frameworks */,
				819702CF1F5318B1005927D9 /* Resources */,
			);
			buildRules = (
			);
			dependencies = (
			);
			name = topTabBar;
			productName = topTabBar;
			productReference = 819702D11F5318B1005927D9 /* topTabBar.app */;
			productType = "com.apple.product-type.application";
		};
/* End PBXNativeTarget section */

/* Begin PBXProject section */
		819702C91F5318B1005927D9 /* Project object */ = {
			isa = PBXProject;
			attributes = {
				LastSwiftUpdateCheck = 0820;
				LastUpgradeCheck = 0820;
				ORGANIZATIONNAME = "Ragaie alfy";
				TargetAttributes = {
					819702D01F5318B1005927D9 = {
						CreatedOnToolsVersion = 8.2;
						DevelopmentTeam = YG9FTG932R;
						LastSwiftMigration = 1020;
						ProvisioningStyle = Automatic;
					};
				};
			};
			buildConfigurationList = 819702CC1F5318B1005927D9 /* Build configuration list for PBXProject "topTabBar" */;
			compatibilityVersion = "Xcode 3.2";
			developmentRegion = English;
			hasScannedForEncodings = 0;
			knownRegions = (
				English,
				en,
				Base,
			);
			mainGroup = 819702C81F5318B1005927D9;
			productRefGroup = 819702D21F5318B1005927D9 /* Products */;
			projectDirPath = "";
			projectRoot = "";
			targets = (
				819702D01F5318B1005927D9 /* topTabBar */,
			);
		};
/* End PBXProject section */

/* Begin PBXResourcesBuildPhase section */
		819702CF1F5318B1005927D9 /* Resources */ = {
			isa = PBXResourcesBuildPhase;
			buildActionMask = 2147483647;
			files = (
				DF2875A92378151D00BB7553 /* IMG_3325.jpg in Resources */,
				819702DF1F5318B1005927D9 /* LaunchScreen.storyboard in Resources */,
				819702E81F5318EE005927D9 /* TopTabBar.xib in Resources */,
				DF1E0E792371D078008A2FF7 /* ScreenShot1.png in Resources */,
				DF2875A52378140500BB7553 /* tabBarMovie.mov in Resources */,
				819702DC1F5318B1005927D9 /* Assets.xcassets in Resources */,
				81BB8C321F559FC1001F53B3 /* Location.png in Resources */,
				81BB8C361F55A5BA001F53B3 /* house.png in Resources */,
				81BB8C351F55A5BA001F53B3 /* house-h.png in Resources */,
				819560CB1F56C0BD005B59C3 /* Screen Shot 2017-08-30 at 11.43.25 AM.png in Resources */,
				DF2875A72378144800BB7553 /* Screen Shot3.png in Resources */,
				DF649FE62376D386008EF633 /* TopTabBar-Chtar.podspec in Resources */,
				DF1E0E782371D078008A2FF7 /* ScreenShot2.png in Resources */,
				819702DA1F5318B1005927D9 /* Main.storyboard in Resources */,
			);
			runOnlyForDeploymentPostprocessing = 0;
		};
/* End PBXResourcesBuildPhase section */

/* Begin PBXSourcesBuildPhase section */
		819702CD1F5318B1005927D9 /* Sources */ = {
			isa = PBXSourcesBuildPhase;
			buildActionMask = 2147483647;
			files = (
				819702D71F5318B1005927D9 /* ViewController.swift in Sources */,
				819702D51F5318B1005927D9 /* AppDelegate.swift in Sources */,
				DFFAEB862338C6AC00D0EA08 /* TopTabBarDelegate.swift in Sources */,
				819702EA1F531901005927D9 /* TopTabBar.swift in Sources */,
			);
			runOnlyForDeploymentPostprocessing = 0;
		};
/* End PBXSourcesBuildPhase section */

/* Begin PBXVariantGroup section */
		819702D81F5318B1005927D9 /* Main.storyboard */ = {
			isa = PBXVariantGroup;
			children = (
				819702D91F5318B1005927D9 /* Base */,
			);
			name = Main.storyboard;
			sourceTree = "<group>";
		};
		819702DD1F5318B1005927D9 /* LaunchScreen.storyboard */ = {
			isa = PBXVariantGroup;
			children = (
				819702DE1F5318B1005927D9 /* Base */,
			);
			name = LaunchScreen.storyboard;
			sourceTree = "<group>";
		};
/* End PBXVariantGroup section */

/* Begin XCBuildConfiguration section */
		819702E11F5318B1005927D9 /* Debug */ = {
			isa = XCBuildConfiguration;
			buildSettings = {
				ALWAYS_SEARCH_USER_PATHS = NO;
				CLANG_ANALYZER_NONNULL = YES;
				CLANG_CXX_LANGUAGE_STANDARD = "gnu++0x";
				CLANG_CXX_LIBRARY = "libc++";
				CLANG_ENABLE_MODULES = YES;
				CLANG_ENABLE_OBJC_ARC = YES;
				CLANG_WARN_BOOL_CONVERSION = YES;
				CLANG_WARN_CONSTANT_CONVERSION = YES;
				CLANG_WARN_DIRECT_OBJC_ISA_USAGE = YES_ERROR;
				CLANG_WARN_DOCUMENTATION_COMMENTS = YES;
				CLANG_WARN_EMPTY_BODY = YES;
				CLANG_WARN_ENUM_CONVERSION = YES;
				CLANG_WARN_INFINITE_RECURSION = YES;
				CLANG_WARN_INT_CONVERSION = YES;
				CLANG_WARN_OBJC_ROOT_CLASS = YES_ERROR;
				CLANG_WARN_SUSPICIOUS_MOVE = YES;
				CLANG_WARN_UNREACHABLE_CODE = YES;
				CLANG_WARN__DUPLICATE_METHOD_MATCH = YES;
				"CODE_SIGN_IDENTITY[sdk=iphoneos*]" = "iPhone Developer";
				COPY_PHASE_STRIP = NO;
				DEBUG_INFORMATION_FORMAT = dwarf;
				ENABLE_STRICT_OBJC_MSGSEND = YES;
				ENABLE_TESTABILITY = YES;
				GCC_C_LANGUAGE_STANDARD = gnu99;
				GCC_DYNAMIC_NO_PIC = NO;
				GCC_NO_COMMON_BLOCKS = YES;
				GCC_OPTIMIZATION_LEVEL = 0;
				GCC_PREPROCESSOR_DEFINITIONS = (
					"DEBUG=1",
					"$(inherited)",
				);
				GCC_WARN_64_TO_32_BIT_CONVERSION = YES;
				GCC_WARN_ABOUT_RETURN_TYPE = YES_ERROR;
				GCC_WARN_UNDECLARED_SELECTOR = YES;
				GCC_WARN_UNINITIALIZED_AUTOS = YES_AGGRESSIVE;
				GCC_WARN_UNUSED_FUNCTION = YES;
				GCC_WARN_UNUSED_VARIABLE = YES;
				IPHONEOS_DEPLOYMENT_TARGET = 10.2;
				MTL_ENABLE_DEBUG_INFO = YES;
				ONLY_ACTIVE_ARCH = YES;
				SDKROOT = iphoneos;
				SWIFT_ACTIVE_COMPILATION_CONDITIONS = DEBUG;
				SWIFT_OPTIMIZATION_LEVEL = "-Onone";
				TARGETED_DEVICE_FAMILY = "1,2";
			};
			name = Debug;
		};
		819702E21F5318B1005927D9 /* Release */ = {
			isa = XCBuildConfiguration;
			buildSettings = {
				ALWAYS_SEARCH_USER_PATHS = NO;
				CLANG_ANALYZER_NONNULL = YES;
				CLANG_CXX_LANGUAGE_STANDARD = "gnu++0x";
				CLANG_CXX_LIBRARY = "libc++";
				CLANG_ENABLE_MODULES = YES;
				CLANG_ENABLE_OBJC_ARC = YES;
				CLANG_WARN_BOOL_CONVERSION = YES;
				CLANG_WARN_CONSTANT_CONVERSION = YES;
				CLANG_WARN_DIRECT_OBJC_ISA_USAGE = YES_ERROR;
				CLANG_WARN_DOCUMENTATION_COMMENTS = YES;
				CLANG_WARN_EMPTY_BODY = YES;
				CLANG_WARN_ENUM_CONVERSION = YES;
				CLANG_WARN_INFINITE_RECURSION = YES;
				CLANG_WARN_INT_CONVERSION = YES;
				CLANG_WARN_OBJC_ROOT_CLASS = YES_ERROR;
				CLANG_WARN_SUSPICIOUS_MOVE = YES;
				CLANG_WARN_UNREACHABLE_CODE = YES;
				CLANG_WARN__DUPLICATE_METHOD_MATCH = YES;
				"CODE_SIGN_IDENTITY[sdk=iphoneos*]" = "iPhone Developer";
				COPY_PHASE_STRIP = NO;
				DEBUG_INFORMATION_FORMAT = "dwarf-with-dsym";
				ENABLE_NS_ASSERTIONS = NO;
				ENABLE_STRICT_OBJC_MSGSEND = YES;
				GCC_C_LANGUAGE_STANDARD = gnu99;
				GCC_NO_COMMON_BLOCKS = YES;
				GCC_WARN_64_TO_32_BIT_CONVERSION = YES;
				GCC_WARN_ABOUT_RETURN_TYPE = YES_ERROR;
				GCC_WARN_UNDECLARED_SELECTOR = YES;
				GCC_WARN_UNINITIALIZED_AUTOS = YES_AGGRESSIVE;
				GCC_WARN_UNUSED_FUNCTION = YES;
				GCC_WARN_UNUSED_VARIABLE = YES;
				IPHONEOS_DEPLOYMENT_TARGET = 10.2;
				MTL_ENABLE_DEBUG_INFO = NO;
				SDKROOT = iphoneos;
				SWIFT_OPTIMIZATION_LEVEL = "-Owholemodule";
				TARGETED_DEVICE_FAMILY = "1,2";
				VALIDATE_PRODUCT = YES;
			};
			name = Release;
		};
		819702E41F5318B1005927D9 /* Debug */ = {
			isa = XCBuildConfiguration;
			buildSettings = {
				ASSETCATALOG_COMPILER_APPICON_NAME = AppIcon;
				DEVELOPMENT_TEAM = YG9FTG932R;
				INFOPLIST_FILE = topTabBar/Info.plist;
				LD_RUNPATH_SEARCH_PATHS = "$(inherited) @executable_path/Frameworks";
				PRODUCT_BUNDLE_IDENTIFIER = Chtar.topTabBar;
				PRODUCT_NAME = "$(TARGET_NAME)";
				SWIFT_VERSION = 5.0;
			};
			name = Debug;
		};
		819702E51F5318B1005927D9 /* Release */ = {
			isa = XCBuildConfiguration;
			buildSettings = {
				ASSETCATALOG_COMPILER_APPICON_NAME = AppIcon;
				DEVELOPMENT_TEAM = YG9FTG932R;
				INFOPLIST_FILE = topTabBar/Info.plist;
				LD_RUNPATH_SEARCH_PATHS = "$(inherited) @executable_path/Frameworks";
				PRODUCT_BUNDLE_IDENTIFIER = Chtar.topTabBar;
				PRODUCT_NAME = "$(TARGET_NAME)";
				SWIFT_VERSION = 5.0;
			};
			name = Release;
		};
/* End XCBuildConfiguration section */

/* Begin XCConfigurationList section */
		819702CC1F5318B1005927D9 /* Build configuration list for PBXProject "topTabBar" */ = {
			isa = XCConfigurationList;
			buildConfigurations = (
				819702E11F5318B1005927D9 /* Debug */,
				819702E21F5318B1005927D9 /* Release */,
			);
			defaultConfigurationIsVisible = 0;
			defaultConfigurationName = Release;
		};
		819702E31F5318B1005927D9 /* Build configuration list for PBXNativeTarget "topTabBar" */ = {
			isa = XCConfigurationList;
			buildConfigurations = (
				819702E41F5318B1005927D9 /* Debug */,
				819702E51F5318B1005927D9 /* Release */,
			);
			defaultConfigurationIsVisible = 0;
			defaultConfigurationName = Release;
		};
/* End XCConfigurationList section */
	};
	rootObject = 819702C91F5318B1005927D9 /* Project object */;
}
